
Microsoft Visual Studio Solution File, Format Version 12.00
# Visual Studio 15
VisualStudioVersion = 15.0.26228.4
MinimumVisualStudioVersion = 10.0.40219.1
Project("{FAE04EC0-301F-11D3-BF4B-00C04F79EFBC}") = "ArffTools", "ArffTools\ArffTools.csproj", "{4674885A-185A-4431-B452-4458E55853D3}"
EndProject
Project("{FAE04EC0-301F-11D3-BF4B-00C04F79EFBC}") = "ArffTools.Tests", "ArffTools.Tests\ArffTools.Tests.csproj", "{DB5D55B6-3762-484D-9B0A-F61FA1E3BD5B}"
EndProject
Global
	GlobalSection(SolutionConfigurationPlatforms) = preSolution
		Debug|Any CPU = Debug|Any CPU
		Release|Any CPU = Release|Any CPU
	EndGlobalSection
	GlobalSection(ProjectConfigurationPlatforms) = postSolution
		{4674885A-185A-4431-B452-4458E55853D3}.Debug|Any CPU.ActiveCfg = Debug|Any CPU
		{4674885A-185A-4431-B452-4458E55853D3}.Debug|Any CPU.Build.0 = Debug|Any CPU
		{4674885A-185A-4431-B452-4458E55853D3}.Release|Any CPU.ActiveCfg = Release|Any CPU
		{4674885A-185A-4431-B452-4458E55853D3}.Release|Any CPU.Build.0 = Release|Any CPU
		{DB5D55B6-3762-484D-9B0A-F61FA1E3BD5B}.Debug|Any CPU.ActiveCfg = Debug|Any CPU
		{DB5D55B6-3762-484D-9B0A-F61FA1E3BD5B}.Debug|Any CPU.Build.0 = Debug|Any CPU
		{DB5D55B6-3762-484D-9B0A-F61FA1E3BD5B}.Release|Any CPU.ActiveCfg = Release|Any CPU
		{DB5D55B6-3762-484D-9B0A-F61FA1E3BD5B}.Release|Any CPU.Build.0 = Release|Any CPU
	EndGlobalSection
	GlobalSection(SolutionProperties) = preSolution
		HideSolutionNode = FALSE
	EndGlobalSection
EndGlobal
